// !$*UTF8*$!
{
	archiveVersion = 1;
	classes = {
	};
	objectVersion = 46;
	objects = {

/* Begin PBXBuildFile section */
		3C2C6C2F22245D1B00D89AE4 /* SettingsViewUnits_VM.swift in Sources */ = {isa = PBXBuildFile; fileRef = 3C2C6C2E22245D1B00D89AE4 /* SettingsViewUnits_VM.swift */; };
		3C2C6C312225929000D89AE4 /* SettingsViewTemp_VM.swift in Sources */ = {isa = PBXBuildFile; fileRef = 3C2C6C302225929000D89AE4 /* SettingsViewTemp_VM.swift */; };
		3C2C6C342229B54300D89AE4 /* SettingsRepresentable.swift in Sources */ = {isa = PBXBuildFile; fileRef = 3C2C6C332229B54300D89AE4 /* SettingsRepresentable.swift */; };
		3C2C6C36222AC45100D89AE4 /* WeatherDayView_VM.swift in Sources */ = {isa = PBXBuildFile; fileRef = 3C2C6C35222AC45100D89AE4 /* WeatherDayView_VM.swift */; };
		3C2C6C39222C5C6A00D89AE4 /* WeatherDayRepresentable.swift in Sources */ = {isa = PBXBuildFile; fileRef = 3C2C6C38222C5C6A00D89AE4 /* WeatherDayRepresentable.swift */; };
		3C2C6C4F222DA80000D89AE4 /* SettingsViewTime_VM_Tests.swift in Sources */ = {isa = PBXBuildFile; fileRef = 3C2C6C4E222DA80000D89AE4 /* SettingsViewTime_VM_Tests.swift */; };
		3C2C6C51222DC4DF00D89AE4 /* SettingsViewUnits_VM_Tests.swift in Sources */ = {isa = PBXBuildFile; fileRef = 3C2C6C50222DC4DF00D89AE4 /* SettingsViewUnits_VM_Tests.swift */; };
		3C2C6C53222EED8F00D89AE4 /* SettingsViewTemp_VM_Tests.swift in Sources */ = {isa = PBXBuildFile; fileRef = 3C2C6C52222EED8F00D89AE4 /* SettingsViewTemp_VM_Tests.swift */; };
		3C2C6C55222F21A800D89AE4 /* darksky.json in Resources */ = {isa = PBXBuildFile; fileRef = 3C2C6C54222F21A000D89AE4 /* darksky.json */; };
		3C2C6C57222F221B00D89AE4 /* XCTestCase.swift in Sources */ = {isa = PBXBuildFile; fileRef = 3C2C6C56222F221B00D89AE4 /* XCTestCase.swift */; };
		3C2C6C59222F260F00D89AE4 /* DayView_VM_Tests.swift in Sources */ = {isa = PBXBuildFile; fileRef = 3C2C6C58222F260F00D89AE4 /* DayView_VM_Tests.swift */; };
		3C4A1EBD2231A70400E3808B /* WeekView_VM_Tests.swift in Sources */ = {isa = PBXBuildFile; fileRef = 3C4A1EBC2231A70400E3808B /* WeekView_VM_Tests.swift */; };
		3C4A1EBF2231A84400E3808B /* WeatherDayView_VM_Tests.swift in Sources */ = {isa = PBXBuildFile; fileRef = 3C4A1EBE2231A84400E3808B /* WeatherDayView_VM_Tests.swift */; };
		3C78684422173FC800F3426F /* README.md in Resources */ = {isa = PBXBuildFile; fileRef = 3C78684222173FC800F3426F /* README.md */; };
		3C78684522173FC800F3426F /* README.txt in Resources */ = {isa = PBXBuildFile; fileRef = 3C78684322173FC800F3426F /* README.txt */; };
		3C786848221768AA00F3426F /* DayView_VM.swift in Sources */ = {isa = PBXBuildFile; fileRef = 3C786847221768AA00F3426F /* DayView_VM.swift */; };
		3C78684A221B09EC00F3426F /* UIImage.swift in Sources */ = {isa = PBXBuildFile; fileRef = 3C786849221B09EB00F3426F /* UIImage.swift */; };
		3C78684D221C838400F3426F /* DarkSkyAPI_Http_Request.png in Resources */ = {isa = PBXBuildFile; fileRef = 3C78684B221C838400F3426F /* DarkSkyAPI_Http_Request.png */; };
		3C78684E221C838400F3426F /* DarkSkyAPI_Key_Config.png in Resources */ = {isa = PBXBuildFile; fileRef = 3C78684C221C838400F3426F /* DarkSkyAPI_Key_Config.png */; };
		3C786850221C8A7000F3426F /* WeekView_VM.swift in Sources */ = {isa = PBXBuildFile; fileRef = 3C78684F221C8A7000F3426F /* WeekView_VM.swift */; };
		3C78685522208BAA00F3426F /* SettingsViewTime_VM.swift in Sources */ = {isa = PBXBuildFile; fileRef = 3C78685422208BAA00F3426F /* SettingsViewTime_VM.swift */; };
		3CA5BE592239546500A1531D /* AddLocationView_VM.swift in Sources */ = {isa = PBXBuildFile; fileRef = 3CA5BE582239546500A1531D /* AddLocationView_VM.swift */; };
		3CA5BE7C223BE66300A1531D /* RxCocoa.framework in Frameworks */ = {isa = PBXBuildFile; fileRef = 3CA5BE6C223BE60800A1531D /* RxCocoa.framework */; };
		3CA5BE7D223BE66300A1531D /* RxSwift.framework in Frameworks */ = {isa = PBXBuildFile; fileRef = 3CA5BE6A223BE60800A1531D /* RxSwift.framework */; };
		CC08B9DB1DA206EE00754A85 /* SettingsViewController.swift in Sources */ = {isa = PBXBuildFile; fileRef = CC08B9DA1DA206EE00754A85 /* SettingsViewController.swift */; };
		CC08B9DE1DA20DB400754A85 /* SettingsTableViewCell.swift in Sources */ = {isa = PBXBuildFile; fileRef = CC08B9DD1DA20DB400754A85 /* SettingsTableViewCell.swift */; };
		CC08B9E11DA2169400754A85 /* UserDefaults.swift in Sources */ = {isa = PBXBuildFile; fileRef = CC08B9E01DA2169400754A85 /* UserDefaults.swift */; };
		CC08B9E31DA2208800754A85 /* Conversions.swift in Sources */ = {isa = PBXBuildFile; fileRef = CC08B9E21DA2208800754A85 /* Conversions.swift */; };
		CC63745E1DA0F557002E68DC /* WeatherDayTableViewCell.swift in Sources */ = {isa = PBXBuildFile; fileRef = CC63745D1DA0F557002E68DC /* WeatherDayTableViewCell.swift */; };
		CC7854CD1D9FF99700E7836D /* WeatherViewController.swift in Sources */ = {isa = PBXBuildFile; fileRef = CC7854CC1D9FF99700E7836D /* WeatherViewController.swift */; };
		CC83E0D51F13BF3B00EB0CAC /* LocationsViewController.swift in Sources */ = {isa = PBXBuildFile; fileRef = CC83E0D41F13BF3B00EB0CAC /* LocationsViewController.swift */; };
		CC83E0D81F13BF8000EB0CAC /* LocationRepresentable.swift in Sources */ = {isa = PBXBuildFile; fileRef = CC83E0D71F13BF8000EB0CAC /* LocationRepresentable.swift */; };
		CC83E0DB1F13BFAB00EB0CAC /* LocationsViewLocationViewModel.swift in Sources */ = {isa = PBXBuildFile; fileRef = CC83E0DA1F13BFAB00EB0CAC /* LocationsViewLocationViewModel.swift */; };
		CC83E0DE1F13BFD300EB0CAC /* LocationTableViewCell.swift in Sources */ = {isa = PBXBuildFile; fileRef = CC83E0DD1F13BFD300EB0CAC /* LocationTableViewCell.swift */; };
		CC83E0E11F13C01300EB0CAC /* AddLocationViewController.swift in Sources */ = {isa = PBXBuildFile; fileRef = CC83E0E01F13C01300EB0CAC /* AddLocationViewController.swift */; };
		CC83E0E31F13C07800EB0CAC /* Location.swift in Sources */ = {isa = PBXBuildFile; fileRef = CC83E0E21F13C07800EB0CAC /* Location.swift */; };
		CC89B4381D9FE3D0006BFD6E /* AppDelegate.swift in Sources */ = {isa = PBXBuildFile; fileRef = CC89B42D1D9FE3D0006BFD6E /* AppDelegate.swift */; };
		CC89B4391D9FE3D0006BFD6E /* RootViewController.swift in Sources */ = {isa = PBXBuildFile; fileRef = CC89B4301D9FE3D0006BFD6E /* RootViewController.swift */; };
		CC89B43B1D9FE3D0006BFD6E /* Assets.xcassets in Resources */ = {isa = PBXBuildFile; fileRef = CC89B4341D9FE3D0006BFD6E /* Assets.xcassets */; };
		CC89B43C1D9FE3D0006BFD6E /* LaunchScreen.storyboard in Resources */ = {isa = PBXBuildFile; fileRef = CC89B4361D9FE3D0006BFD6E /* LaunchScreen.storyboard */; };
		CC89B43D1D9FE3D0006BFD6E /* Main.storyboard in Resources */ = {isa = PBXBuildFile; fileRef = CC89B4371D9FE3D0006BFD6E /* Main.storyboard */; };
		CC89B4401D9FE5BC006BFD6E /* DayViewController.swift in Sources */ = {isa = PBXBuildFile; fileRef = CC89B43F1D9FE5BC006BFD6E /* DayViewController.swift */; };
		CC89B4421D9FE5C6006BFD6E /* WeekViewController.swift in Sources */ = {isa = PBXBuildFile; fileRef = CC89B4411D9FE5C6006BFD6E /* WeekViewController.swift */; };
		CC89B4451D9FE897006BFD6E /* DataManager.swift in Sources */ = {isa = PBXBuildFile; fileRef = CC89B4441D9FE897006BFD6E /* DataManager.swift */; };
		CC89B4481D9FE8D3006BFD6E /* Configuration.swift in Sources */ = {isa = PBXBuildFile; fileRef = CC89B4471D9FE8D3006BFD6E /* Configuration.swift */; };
		CC89B44C1D9FEB73006BFD6E /* JSONDecodable.swift in Sources */ = {isa = PBXBuildFile; fileRef = CC89B44B1D9FEB73006BFD6E /* JSONDecodable.swift */; };
		CC89B4501D9FEC2E006BFD6E /* WeatherData.swift in Sources */ = {isa = PBXBuildFile; fileRef = CC89B44F1D9FEC2E006BFD6E /* WeatherData.swift */; };
		CC89B4521D9FECBE006BFD6E /* WeatherDayData.swift in Sources */ = {isa = PBXBuildFile; fileRef = CC89B4511D9FECBE006BFD6E /* WeatherDayData.swift */; };
/* End PBXBuildFile section */

/* Begin PBXContainerItemProxy section */
		3C2C6C43222DA23A00D89AE4 /* PBXContainerItemProxy */ = {
			isa = PBXContainerItemProxy;
			containerPortal = CC89B40F1D9FE314006BFD6E /* Project object */;
			proxyType = 1;
			remoteGlobalIDString = CC89B4161D9FE314006BFD6E;
			remoteInfo = Cloudy;
		};
		3CA5BE67223BE60800A1531D /* PBXContainerItemProxy */ = {
			isa = PBXContainerItemProxy;
			containerPortal = 3CA5BE5A223BE60700A1531D /* Rx.xcodeproj */;
			proxyType = 2;
			remoteGlobalIDString = C8165ABC21891AFF00494BEF;
			remoteInfo = RxAtomic;
		};
		3CA5BE69223BE60800A1531D /* PBXContainerItemProxy */ = {
			isa = PBXContainerItemProxy;
			containerPortal = 3CA5BE5A223BE60700A1531D /* Rx.xcodeproj */;
			proxyType = 2;
			remoteGlobalIDString = C8A56AD71AD7424700B4673B;
			remoteInfo = RxSwift;
		};
		3CA5BE6B223BE60800A1531D /* PBXContainerItemProxy */ = {
			isa = PBXContainerItemProxy;
			containerPortal = 3CA5BE5A223BE60700A1531D /* Rx.xcodeproj */;
			proxyType = 2;
			remoteGlobalIDString = C809396D1B8A71760088E94D;
			remoteInfo = RxCocoa;
		};
		3CA5BE6D223BE60800A1531D /* PBXContainerItemProxy */ = {
			isa = PBXContainerItemProxy;
			containerPortal = 3CA5BE5A223BE60700A1531D /* Rx.xcodeproj */;
			proxyType = 2;
			remoteGlobalIDString = C8093BC71B8A71F00088E94D;
			remoteInfo = RxBlocking;
		};
		3CA5BE6F223BE60800A1531D /* PBXContainerItemProxy */ = {
			isa = PBXContainerItemProxy;
			containerPortal = 3CA5BE5A223BE60700A1531D /* Rx.xcodeproj */;
			proxyType = 2;
			remoteGlobalIDString = C88FA50C1C25C44800CCFEA4;
			remoteInfo = RxTest;
		};
		3CA5BE71223BE60800A1531D /* PBXContainerItemProxy */ = {
			isa = PBXContainerItemProxy;
			containerPortal = 3CA5BE5A223BE60700A1531D /* Rx.xcodeproj */;
			proxyType = 2;
			remoteGlobalIDString = C83508C31C386F6F0027C24C;
			remoteInfo = "AllTests-iOS";
		};
		3CA5BE73223BE60800A1531D /* PBXContainerItemProxy */ = {
			isa = PBXContainerItemProxy;
			containerPortal = 3CA5BE5A223BE60700A1531D /* Rx.xcodeproj */;
			proxyType = 2;
			remoteGlobalIDString = C83509841C38740E0027C24C;
			remoteInfo = "AllTests-tvOS";
		};
		3CA5BE75223BE60800A1531D /* PBXContainerItemProxy */ = {
			isa = PBXContainerItemProxy;
			containerPortal = 3CA5BE5A223BE60700A1531D /* Rx.xcodeproj */;
			proxyType = 2;
			remoteGlobalIDString = C83509941C38742C0027C24C;
			remoteInfo = "AllTests-macOS";
		};
		3CA5BE77223BE60800A1531D /* PBXContainerItemProxy */ = {
			isa = PBXContainerItemProxy;
			containerPortal = 3CA5BE5A223BE60700A1531D /* Rx.xcodeproj */;
			proxyType = 2;
			remoteGlobalIDString = C85BA04B1C3878740075D68E;
			remoteInfo = Microoptimizations;
		};
		3CA5BE79223BE60800A1531D /* PBXContainerItemProxy */ = {
			isa = PBXContainerItemProxy;
			containerPortal = 3CA5BE5A223BE60700A1531D /* Rx.xcodeproj */;
			proxyType = 2;
			remoteGlobalIDString = C8E8BA551E2C181A00A4AC2C;
			remoteInfo = Benchmarks;
		};
/* End PBXContainerItemProxy section */

/* Begin PBXFileReference section */
		3C1013DB2242E5FE00BEBFE0 /* XCTest.framework */ = {isa = PBXFileReference; lastKnownFileType = wrapper.framework; name = XCTest.framework; path = Platforms/iPhoneOS.platform/Developer/Library/Frameworks/XCTest.framework; sourceTree = DEVELOPER_DIR; };
		3C2C6C2E22245D1B00D89AE4 /* SettingsViewUnits_VM.swift */ = {isa = PBXFileReference; lastKnownFileType = sourcecode.swift; path = SettingsViewUnits_VM.swift; sourceTree = "<group>"; };
		3C2C6C302225929000D89AE4 /* SettingsViewTemp_VM.swift */ = {isa = PBXFileReference; lastKnownFileType = sourcecode.swift; path = SettingsViewTemp_VM.swift; sourceTree = "<group>"; };
		3C2C6C332229B54300D89AE4 /* SettingsRepresentable.swift */ = {isa = PBXFileReference; lastKnownFileType = sourcecode.swift; path = SettingsRepresentable.swift; sourceTree = "<group>"; };
		3C2C6C35222AC45100D89AE4 /* WeatherDayView_VM.swift */ = {isa = PBXFileReference; lastKnownFileType = sourcecode.swift; path = WeatherDayView_VM.swift; sourceTree = "<group>"; };
		3C2C6C38222C5C6A00D89AE4 /* WeatherDayRepresentable.swift */ = {isa = PBXFileReference; lastKnownFileType = sourcecode.swift; path = WeatherDayRepresentable.swift; sourceTree = "<group>"; };
		3C2C6C3E222DA23A00D89AE4 /* CloudyTests.xctest */ = {isa = PBXFileReference; explicitFileType = wrapper.cfbundle; includeInIndex = 0; path = CloudyTests.xctest; sourceTree = BUILT_PRODUCTS_DIR; };
		3C2C6C49222DA40C00D89AE4 /* Info.plist */ = {isa = PBXFileReference; fileEncoding = 4; lastKnownFileType = text.plist.xml; name = Info.plist; path = SupportingFiles/Info.plist; sourceTree = "<group>"; };
		3C2C6C4E222DA80000D89AE4 /* SettingsViewTime_VM_Tests.swift */ = {isa = PBXFileReference; lastKnownFileType = sourcecode.swift; name = SettingsViewTime_VM_Tests.swift; path = TestCases/SettingsViewTime_VM_Tests.swift; sourceTree = "<group>"; };
		3C2C6C50222DC4DF00D89AE4 /* SettingsViewUnits_VM_Tests.swift */ = {isa = PBXFileReference; lastKnownFileType = sourcecode.swift; name = SettingsViewUnits_VM_Tests.swift; path = TestCases/SettingsViewUnits_VM_Tests.swift; sourceTree = "<group>"; };
		3C2C6C52222EED8F00D89AE4 /* SettingsViewTemp_VM_Tests.swift */ = {isa = PBXFileReference; lastKnownFileType = sourcecode.swift; name = SettingsViewTemp_VM_Tests.swift; path = TestCases/SettingsViewTemp_VM_Tests.swift; sourceTree = "<group>"; };
		3C2C6C54222F21A000D89AE4 /* darksky.json */ = {isa = PBXFileReference; fileEncoding = 4; lastKnownFileType = text.json; name = darksky.json; path = Stubs/darksky.json; sourceTree = "<group>"; };
		3C2C6C56222F221B00D89AE4 /* XCTestCase.swift */ = {isa = PBXFileReference; lastKnownFileType = sourcecode.swift; name = XCTestCase.swift; path = Extensions/XCTestCase.swift; sourceTree = "<group>"; };
		3C2C6C58222F260F00D89AE4 /* DayView_VM_Tests.swift */ = {isa = PBXFileReference; lastKnownFileType = sourcecode.swift; name = DayView_VM_Tests.swift; path = TestCases/DayView_VM_Tests.swift; sourceTree = "<group>"; };
		3C4A1EBC2231A70400E3808B /* WeekView_VM_Tests.swift */ = {isa = PBXFileReference; lastKnownFileType = sourcecode.swift; name = WeekView_VM_Tests.swift; path = TestCases/WeekView_VM_Tests.swift; sourceTree = "<group>"; };
		3C4A1EBE2231A84400E3808B /* WeatherDayView_VM_Tests.swift */ = {isa = PBXFileReference; lastKnownFileType = sourcecode.swift; name = WeatherDayView_VM_Tests.swift; path = TestCases/WeatherDayView_VM_Tests.swift; sourceTree = "<group>"; };
		3C78684222173FC800F3426F /* README.md */ = {isa = PBXFileReference; fileEncoding = 4; lastKnownFileType = net.daringfireball.markdown; path = README.md; sourceTree = SOURCE_ROOT; };
		3C78684322173FC800F3426F /* README.txt */ = {isa = PBXFileReference; fileEncoding = 4; lastKnownFileType = text; path = README.txt; sourceTree = SOURCE_ROOT; };
		3C786847221768AA00F3426F /* DayView_VM.swift */ = {isa = PBXFileReference; lastKnownFileType = sourcecode.swift; path = DayView_VM.swift; sourceTree = "<group>"; };
		3C786849221B09EB00F3426F /* UIImage.swift */ = {isa = PBXFileReference; lastKnownFileType = sourcecode.swift; path = UIImage.swift; sourceTree = "<group>"; };
		3C78684B221C838400F3426F /* DarkSkyAPI_Http_Request.png */ = {isa = PBXFileReference; lastKnownFileType = image.png; path = DarkSkyAPI_Http_Request.png; sourceTree = SOURCE_ROOT; };
		3C78684C221C838400F3426F /* DarkSkyAPI_Key_Config.png */ = {isa = PBXFileReference; lastKnownFileType = image.png; path = DarkSkyAPI_Key_Config.png; sourceTree = SOURCE_ROOT; };
		3C78684F221C8A7000F3426F /* WeekView_VM.swift */ = {isa = PBXFileReference; lastKnownFileType = sourcecode.swift; path = WeekView_VM.swift; sourceTree = "<group>"; };
		3C78685422208BAA00F3426F /* SettingsViewTime_VM.swift */ = {isa = PBXFileReference; lastKnownFileType = sourcecode.swift; path = SettingsViewTime_VM.swift; sourceTree = "<group>"; };
		3CA5BE582239546500A1531D /* AddLocationView_VM.swift */ = {isa = PBXFileReference; lastKnownFileType = sourcecode.swift; path = AddLocationView_VM.swift; sourceTree = "<group>"; };
		3CA5BE5A223BE60700A1531D /* Rx.xcodeproj */ = {isa = PBXFileReference; lastKnownFileType = "wrapper.pb-project"; name = Rx.xcodeproj; path = RxSwift/Rx.xcodeproj; sourceTree = "<group>"; };
		CC08B9DA1DA206EE00754A85 /* SettingsViewController.swift */ = {isa = PBXFileReference; fileEncoding = 4; lastKnownFileType = sourcecode.swift; path = SettingsViewController.swift; sourceTree = "<group>"; };
		CC08B9DD1DA20DB400754A85 /* SettingsTableViewCell.swift */ = {isa = PBXFileReference; fileEncoding = 4; lastKnownFileType = sourcecode.swift; path = SettingsTableViewCell.swift; sourceTree = "<group>"; };
		CC08B9E01DA2169400754A85 /* UserDefaults.swift */ = {isa = PBXFileReference; fileEncoding = 4; lastKnownFileType = sourcecode.swift; path = UserDefaults.swift; sourceTree = "<group>"; };
		CC08B9E21DA2208800754A85 /* Conversions.swift */ = {isa = PBXFileReference; fileEncoding = 4; lastKnownFileType = sourcecode.swift; path = Conversions.swift; sourceTree = "<group>"; };
		CC63745D1DA0F557002E68DC /* WeatherDayTableViewCell.swift */ = {isa = PBXFileReference; fileEncoding = 4; lastKnownFileType = sourcecode.swift; path = WeatherDayTableViewCell.swift; sourceTree = "<group>"; };
		CC7854CC1D9FF99700E7836D /* WeatherViewController.swift */ = {isa = PBXFileReference; fileEncoding = 4; lastKnownFileType = sourcecode.swift; path = WeatherViewController.swift; sourceTree = "<group>"; };
		CC83E0D41F13BF3B00EB0CAC /* LocationsViewController.swift */ = {isa = PBXFileReference; lastKnownFileType = sourcecode.swift; path = LocationsViewController.swift; sourceTree = "<group>"; };
		CC83E0D71F13BF8000EB0CAC /* LocationRepresentable.swift */ = {isa = PBXFileReference; lastKnownFileType = sourcecode.swift; path = LocationRepresentable.swift; sourceTree = "<group>"; };
		CC83E0DA1F13BFAB00EB0CAC /* LocationsViewLocationViewModel.swift */ = {isa = PBXFileReference; lastKnownFileType = sourcecode.swift; path = LocationsViewLocationViewModel.swift; sourceTree = "<group>"; };
		CC83E0DD1F13BFD300EB0CAC /* LocationTableViewCell.swift */ = {isa = PBXFileReference; lastKnownFileType = sourcecode.swift; path = LocationTableViewCell.swift; sourceTree = "<group>"; };
		CC83E0E01F13C01300EB0CAC /* AddLocationViewController.swift */ = {isa = PBXFileReference; lastKnownFileType = sourcecode.swift; path = AddLocationViewController.swift; sourceTree = "<group>"; };
		CC83E0E21F13C07800EB0CAC /* Location.swift */ = {isa = PBXFileReference; lastKnownFileType = sourcecode.swift; path = Location.swift; sourceTree = "<group>"; };
		CC89B4171D9FE314006BFD6E /* Cloudy.app */ = {isa = PBXFileReference; explicitFileType = wrapper.application; includeInIndex = 0; path = Cloudy.app; sourceTree = BUILT_PRODUCTS_DIR; };
		CC89B42D1D9FE3D0006BFD6E /* AppDelegate.swift */ = {isa = PBXFileReference; fileEncoding = 4; lastKnownFileType = sourcecode.swift; path = AppDelegate.swift; sourceTree = "<group>"; };
		CC89B4301D9FE3D0006BFD6E /* RootViewController.swift */ = {isa = PBXFileReference; fileEncoding = 4; lastKnownFileType = sourcecode.swift; path = RootViewController.swift; sourceTree = "<group>"; };
		CC89B4321D9FE3D0006BFD6E /* Info.plist */ = {isa = PBXFileReference; fileEncoding = 4; lastKnownFileType = text.plist.xml; path = Info.plist; sourceTree = "<group>"; };
		CC89B4341D9FE3D0006BFD6E /* Assets.xcassets */ = {isa = PBXFileReference; lastKnownFileType = folder.assetcatalog; path = Assets.xcassets; sourceTree = "<group>"; };
		CC89B4361D9FE3D0006BFD6E /* LaunchScreen.storyboard */ = {isa = PBXFileReference; fileEncoding = 4; lastKnownFileType = file.storyboard; path = LaunchScreen.storyboard; sourceTree = "<group>"; };
		CC89B4371D9FE3D0006BFD6E /* Main.storyboard */ = {isa = PBXFileReference; fileEncoding = 4; lastKnownFileType = file.storyboard; path = Main.storyboard; sourceTree = "<group>"; };
		CC89B43F1D9FE5BC006BFD6E /* DayViewController.swift */ = {isa = PBXFileReference; fileEncoding = 4; lastKnownFileType = sourcecode.swift; path = DayViewController.swift; sourceTree = "<group>"; };
		CC89B4411D9FE5C6006BFD6E /* WeekViewController.swift */ = {isa = PBXFileReference; fileEncoding = 4; lastKnownFileType = sourcecode.swift; path = WeekViewController.swift; sourceTree = "<group>"; };
		CC89B4441D9FE897006BFD6E /* DataManager.swift */ = {isa = PBXFileReference; fileEncoding = 4; lastKnownFileType = sourcecode.swift; path = DataManager.swift; sourceTree = "<group>"; };
		CC89B4471D9FE8D3006BFD6E /* Configuration.swift */ = {isa = PBXFileReference; fileEncoding = 4; lastKnownFileType = sourcecode.swift; path = Configuration.swift; sourceTree = "<group>"; };
		CC89B44B1D9FEB73006BFD6E /* JSONDecodable.swift */ = {isa = PBXFileReference; fileEncoding = 4; lastKnownFileType = sourcecode.swift; path = JSONDecodable.swift; sourceTree = "<group>"; };
		CC89B44F1D9FEC2E006BFD6E /* WeatherData.swift */ = {isa = PBXFileReference; fileEncoding = 4; lastKnownFileType = sourcecode.swift; path = WeatherData.swift; sourceTree = "<group>"; };
		CC89B4511D9FECBE006BFD6E /* WeatherDayData.swift */ = {isa = PBXFileReference; fileEncoding = 4; lastKnownFileType = sourcecode.swift; path = WeatherDayData.swift; sourceTree = "<group>"; };
/* End PBXFileReference section */

/* Begin PBXFrameworksBuildPhase section */
		3C2C6C3B222DA23A00D89AE4 /* Frameworks */ = {
			isa = PBXFrameworksBuildPhase;
			buildActionMask = 2147483647;
			files = (
			);
			runOnlyForDeploymentPostprocessing = 0;
		};
		CC89B4141D9FE314006BFD6E /* Frameworks */ = {
			isa = PBXFrameworksBuildPhase;
			buildActionMask = 2147483647;
			files = (
				3CA5BE7D223BE66300A1531D /* RxSwift.framework in Frameworks */,
				3CA5BE7C223BE66300A1531D /* RxCocoa.framework in Frameworks */,
			);
			runOnlyForDeploymentPostprocessing = 0;
		};
/* End PBXFrameworksBuildPhase section */

/* Begin PBXGroup section */
		3C2C6C322229B4AF00D89AE4 /* Protocols */ = {
			isa = PBXGroup;
			children = (
				3C2C6C332229B54300D89AE4 /* SettingsRepresentable.swift */,
			);
			name = Protocols;
			sourceTree = "<group>";
		};
		3C2C6C37222C5C3500D89AE4 /* Protocols */ = {
			isa = PBXGroup;
			children = (
				3C2C6C38222C5C6A00D89AE4 /* WeatherDayRepresentable.swift */,
			);
			name = Protocols;
			sourceTree = "<group>";
		};
		3C2C6C3F222DA23A00D89AE4 /* CloudyTests */ = {
			isa = PBXGroup;
			children = (
				3C2C6C4D222DA75D00D89AE4 /* Test Cases */,
				3C2C6C4C222DA74E00D89AE4 /* Stubs */,
				3C2C6C4B222DA6C900D89AE4 /* Extensions */,
				3C2C6C48222DA3DD00D89AE4 /* Supporting Files */,
			);
			path = CloudyTests;
			sourceTree = "<group>";
		};
		3C2C6C48222DA3DD00D89AE4 /* Supporting Files */ = {
			isa = PBXGroup;
			children = (
				3C2C6C49222DA40C00D89AE4 /* Info.plist */,
			);
			name = "Supporting Files";
			sourceTree = "<group>";
		};
		3C2C6C4B222DA6C900D89AE4 /* Extensions */ = {
			isa = PBXGroup;
			children = (
				3C2C6C56222F221B00D89AE4 /* XCTestCase.swift */,
			);
			name = Extensions;
			sourceTree = "<group>";
		};
		3C2C6C4C222DA74E00D89AE4 /* Stubs */ = {
			isa = PBXGroup;
			children = (
				3C2C6C54222F21A000D89AE4 /* darksky.json */,
			);
			name = Stubs;
			sourceTree = "<group>";
		};
		3C2C6C4D222DA75D00D89AE4 /* Test Cases */ = {
			isa = PBXGroup;
			children = (
				3C2C6C4E222DA80000D89AE4 /* SettingsViewTime_VM_Tests.swift */,
				3C2C6C50222DC4DF00D89AE4 /* SettingsViewUnits_VM_Tests.swift */,
				3C2C6C52222EED8F00D89AE4 /* SettingsViewTemp_VM_Tests.swift */,
				3C2C6C58222F260F00D89AE4 /* DayView_VM_Tests.swift */,
				3C4A1EBC2231A70400E3808B /* WeekView_VM_Tests.swift */,
				3C4A1EBE2231A84400E3808B /* WeatherDayView_VM_Tests.swift */,
			);
			name = "Test Cases";
			sourceTree = "<group>";
		};
		3C7868462217685300F3426F /* View Models */ = {
			isa = PBXGroup;
			children = (
				3C786847221768AA00F3426F /* DayView_VM.swift */,
				3C78684F221C8A7000F3426F /* WeekView_VM.swift */,
				3C2C6C35222AC45100D89AE4 /* WeatherDayView_VM.swift */,
			);
			name = "View Models";
			sourceTree = "<group>";
		};
		3C78685322208B6700F3426F /* View Models */ = {
			isa = PBXGroup;
			children = (
				3C78685422208BAA00F3426F /* SettingsViewTime_VM.swift */,
				3C2C6C2E22245D1B00D89AE4 /* SettingsViewUnits_VM.swift */,
				3C2C6C302225929000D89AE4 /* SettingsViewTemp_VM.swift */,
			);
			name = "View Models";
			sourceTree = "<group>";
		};
		3CA5BE5B223BE60700A1531D /* Products */ = {
			isa = PBXGroup;
			children = (
				3CA5BE68223BE60800A1531D /* RxAtomic.framework */,
				3CA5BE6A223BE60800A1531D /* RxSwift.framework */,
				3CA5BE6C223BE60800A1531D /* RxCocoa.framework */,
				3CA5BE6E223BE60800A1531D /* RxBlocking.framework */,
				3CA5BE70223BE60800A1531D /* RxTest.framework */,
				3CA5BE72223BE60800A1531D /* AllTests-iOS.xctest */,
				3CA5BE74223BE60800A1531D /* AllTests-tvOS.xctest */,
				3CA5BE76223BE60800A1531D /* AllTests-macOS.xctest */,
				3CA5BE78223BE60800A1531D /* PerformanceTests.app */,
				3CA5BE7A223BE60800A1531D /* Benchmarks.xctest */,
			);
			name = Products;
			sourceTree = "<group>";
		};
		3CA5BE7B223BE66300A1531D /* Frameworks */ = {
			isa = PBXGroup;
			children = (
				3C1013DB2242E5FE00BEBFE0 /* XCTest.framework */,
			);
			name = Frameworks;
			sourceTree = "<group>";
		};
		CC08B9D91DA206C300754A85 /* SettingsViewController */ = {
			isa = PBXGroup;
			children = (
				3C2C6C322229B4AF00D89AE4 /* Protocols */,
				CC08B9DC1DA20D8D00754A85 /* Table View Cells */,
				CC08B9DA1DA206EE00754A85 /* SettingsViewController.swift */,
				3C78685322208B6700F3426F /* View Models */,
			);
			path = SettingsViewController;
			sourceTree = "<group>";
		};
		CC08B9DC1DA20D8D00754A85 /* Table View Cells */ = {
			isa = PBXGroup;
			children = (
				CC08B9DD1DA20DB400754A85 /* SettingsTableViewCell.swift */,
			);
			path = "Table View Cells";
			sourceTree = "<group>";
		};
		CC08B9DF1DA2166B00754A85 /* Extensions */ = {
			isa = PBXGroup;
			children = (
				CC08B9E21DA2208800754A85 /* Conversions.swift */,
				CC08B9E01DA2169400754A85 /* UserDefaults.swift */,
				3C786849221B09EB00F3426F /* UIImage.swift */,
			);
			path = Extensions;
			sourceTree = "<group>";
		};
		CC63745C1DA0F535002E68DC /* Table View Cells */ = {
			isa = PBXGroup;
			children = (
				CC63745D1DA0F557002E68DC /* WeatherDayTableViewCell.swift */,
			);
			path = "Table View Cells";
			sourceTree = "<group>";
		};
		CC83E0D31F13BF1400EB0CAC /* Locations View Controller */ = {
			isa = PBXGroup;
			children = (
				CC83E0D41F13BF3B00EB0CAC /* LocationsViewController.swift */,
				CC83E0D61F13BF6700EB0CAC /* Protocols */,
				CC83E0D91F13BF8B00EB0CAC /* View Models */,
				CC83E0DC1F13BFB900EB0CAC /* Table View Cells */,
				CC83E0DF1F13BFDF00EB0CAC /* Add Location View Controller */,
			);
			path = "Locations View Controller";
			sourceTree = "<group>";
		};
		CC83E0D61F13BF6700EB0CAC /* Protocols */ = {
			isa = PBXGroup;
			children = (
				CC83E0D71F13BF8000EB0CAC /* LocationRepresentable.swift */,
			);
			name = Protocols;
			sourceTree = "<group>";
		};
		CC83E0D91F13BF8B00EB0CAC /* View Models */ = {
			isa = PBXGroup;
			children = (
				CC83E0DA1F13BFAB00EB0CAC /* LocationsViewLocationViewModel.swift */,
				3CA5BE582239546500A1531D /* AddLocationView_VM.swift */,
			);
			path = "View Models";
			sourceTree = "<group>";
		};
		CC83E0DC1F13BFB900EB0CAC /* Table View Cells */ = {
			isa = PBXGroup;
			children = (
				CC83E0DD1F13BFD300EB0CAC /* LocationTableViewCell.swift */,
			);
			path = "Table View Cells";
			sourceTree = "<group>";
		};
		CC83E0DF1F13BFDF00EB0CAC /* Add Location View Controller */ = {
			isa = PBXGroup;
			children = (
				CC83E0E01F13C01300EB0CAC /* AddLocationViewController.swift */,
			);
			path = "Add Location View Controller";
			sourceTree = "<group>";
		};
		CC89B40E1D9FE314006BFD6E = {
			isa = PBXGroup;
			children = (
				3CA5BE5A223BE60700A1531D /* Rx.xcodeproj */,
				CC89B4191D9FE314006BFD6E /* Cloudy */,
				3C2C6C3F222DA23A00D89AE4 /* CloudyTests */,
				CC89B4181D9FE314006BFD6E /* Products */,
				3CA5BE7B223BE66300A1531D /* Frameworks */,
			);
			sourceTree = "<group>";
		};
		CC89B4181D9FE314006BFD6E /* Products */ = {
			isa = PBXGroup;
			children = (
				CC89B4171D9FE314006BFD6E /* Cloudy.app */,
				3C2C6C3E222DA23A00D89AE4 /* CloudyTests.xctest */,
			);
			name = Products;
			sourceTree = "<group>";
		};
		CC89B4191D9FE314006BFD6E /* Cloudy */ = {
			isa = PBXGroup;
			children = (
				3C78684222173FC800F3426F /* README.md */,
				3C78684322173FC800F3426F /* README.txt */,
				CC89B42C1D9FE3D0006BFD6E /* Application Delegate */,
				CC89B4351D9FE3D0006BFD6E /* Storyboards */,
				CC89B44E1D9FEC04006BFD6E /* Models */,
				CC89B42E1D9FE3D0006BFD6E /* View Controllers */,
				CC89B4461D9FE8B6006BFD6E /* Configuration */,
				CC08B9DF1DA2166B00754A85 /* Extensions */,
				CC89B4331D9FE3D0006BFD6E /* Resources */,
				CC89B4431D9FE877006BFD6E /* Managers */,
				CC89B4491D9FEB36006BFD6E /* Protocols */,
				CC89B4311D9FE3D0006BFD6E /* Supporting Files */,
			);
			path = Cloudy;
			sourceTree = "<group>";
		};
		CC89B42C1D9FE3D0006BFD6E /* Application Delegate */ = {
			isa = PBXGroup;
			children = (
				CC89B42D1D9FE3D0006BFD6E /* AppDelegate.swift */,
			);
			path = "Application Delegate";
			sourceTree = "<group>";
		};
		CC89B42E1D9FE3D0006BFD6E /* View Controllers */ = {
			isa = PBXGroup;
			children = (
				CC89B42F1D9FE3D0006BFD6E /* Root View Controller */,
				CC08B9D91DA206C300754A85 /* SettingsViewController */,
				CC89B43E1D9FE58C006BFD6E /* Weather View Controllers */,
				CC83E0D31F13BF1400EB0CAC /* Locations View Controller */,
			);
			path = "View Controllers";
			sourceTree = "<group>";
		};
		CC89B42F1D9FE3D0006BFD6E /* Root View Controller */ = {
			isa = PBXGroup;
			children = (
				CC89B4301D9FE3D0006BFD6E /* RootViewController.swift */,
			);
			path = "Root View Controller";
			sourceTree = "<group>";
		};
		CC89B4311D9FE3D0006BFD6E /* Supporting Files */ = {
			isa = PBXGroup;
			children = (
				CC89B4321D9FE3D0006BFD6E /* Info.plist */,
			);
			path = "Supporting Files";
			sourceTree = "<group>";
		};
		CC89B4331D9FE3D0006BFD6E /* Resources */ = {
			isa = PBXGroup;
			children = (
				3C78684B221C838400F3426F /* DarkSkyAPI_Http_Request.png */,
				3C78684C221C838400F3426F /* DarkSkyAPI_Key_Config.png */,
				CC89B4341D9FE3D0006BFD6E /* Assets.xcassets */,
			);
			path = Resources;
			sourceTree = "<group>";
		};
		CC89B4351D9FE3D0006BFD6E /* Storyboards */ = {
			isa = PBXGroup;
			children = (
				CC89B4371D9FE3D0006BFD6E /* Main.storyboard */,
				CC89B4361D9FE3D0006BFD6E /* LaunchScreen.storyboard */,
			);
			path = Storyboards;
			sourceTree = "<group>";
		};
		CC89B43E1D9FE58C006BFD6E /* Weather View Controllers */ = {
			isa = PBXGroup;
			children = (
				3C2C6C37222C5C3500D89AE4 /* Protocols */,
				CC63745C1DA0F535002E68DC /* Table View Cells */,
				3C7868462217685300F3426F /* View Models */,
				CC89B43F1D9FE5BC006BFD6E /* DayViewController.swift */,
				CC89B4411D9FE5C6006BFD6E /* WeekViewController.swift */,
				CC7854CC1D9FF99700E7836D /* WeatherViewController.swift */,
			);
			path = "Weather View Controllers";
			sourceTree = "<group>";
		};
		CC89B4431D9FE877006BFD6E /* Managers */ = {
			isa = PBXGroup;
			children = (
				CC89B4441D9FE897006BFD6E /* DataManager.swift */,
			);
			path = Managers;
			sourceTree = "<group>";
		};
		CC89B4461D9FE8B6006BFD6E /* Configuration */ = {
			isa = PBXGroup;
			children = (
				CC89B4471D9FE8D3006BFD6E /* Configuration.swift */,
			);
			path = Configuration;
			sourceTree = "<group>";
		};
		CC89B4491D9FEB36006BFD6E /* Protocols */ = {
			isa = PBXGroup;
			children = (
				CC89B44B1D9FEB73006BFD6E /* JSONDecodable.swift */,
			);
			path = Protocols;
			sourceTree = "<group>";
		};
		CC89B44E1D9FEC04006BFD6E /* Models */ = {
			isa = PBXGroup;
			children = (
				CC83E0E21F13C07800EB0CAC /* Location.swift */,
				CC89B44F1D9FEC2E006BFD6E /* WeatherData.swift */,
				CC89B4511D9FECBE006BFD6E /* WeatherDayData.swift */,
			);
			path = Models;
			sourceTree = "<group>";
		};
/* End PBXGroup section */

/* Begin PBXNativeTarget section */
		3C2C6C3D222DA23A00D89AE4 /* CloudyTests */ = {
			isa = PBXNativeTarget;
			buildConfigurationList = 3C2C6C47222DA25300D89AE4 /* Build configuration list for PBXNativeTarget "CloudyTests" */;
			buildPhases = (
				3C2C6C3A222DA23A00D89AE4 /* Sources */,
				3C2C6C3B222DA23A00D89AE4 /* Frameworks */,
				3C2C6C3C222DA23A00D89AE4 /* Resources */,
			);
			buildRules = (
			);
			dependencies = (
				3C2C6C44222DA23A00D89AE4 /* PBXTargetDependency */,
			);
			name = CloudyTests;
			productName = CloudyTests;
			productReference = 3C2C6C3E222DA23A00D89AE4 /* CloudyTests.xctest */;
			productType = "com.apple.product-type.bundle.unit-test";
		};
		CC89B4161D9FE314006BFD6E /* Cloudy */ = {
			isa = PBXNativeTarget;
			buildConfigurationList = CC89B4291D9FE314006BFD6E /* Build configuration list for PBXNativeTarget "Cloudy" */;
			buildPhases = (
				CC89B4131D9FE314006BFD6E /* Sources */,
				CC89B4141D9FE314006BFD6E /* Frameworks */,
				CC89B4151D9FE314006BFD6E /* Resources */,
			);
			buildRules = (
			);
			dependencies = (
			);
			name = Cloudy;
			productName = Cloudy;
			productReference = CC89B4171D9FE314006BFD6E /* Cloudy.app */;
			productType = "com.apple.product-type.application";
		};
/* End PBXNativeTarget section */

/* Begin PBXProject section */
		CC89B40F1D9FE314006BFD6E /* Project object */ = {
			isa = PBXProject;
			attributes = {
				LastSwiftUpdateCheck = 1010;
				LastUpgradeCheck = 1010;
				ORGANIZATIONNAME = Cocoacasts;
				TargetAttributes = {
					3C2C6C3D222DA23A00D89AE4 = {
						CreatedOnToolsVersion = 10.1;
						DevelopmentTeam = N24V4NH8BJ;
						LastSwiftMigration = 1010;
						ProvisioningStyle = Automatic;
						TestTargetID = CC89B4161D9FE314006BFD6E;
					};
					CC89B4161D9FE314006BFD6E = {
						CreatedOnToolsVersion = 8.0;
						LastSwiftMigration = 1010;
						ProvisioningStyle = Automatic;
					};
				};
			};
			buildConfigurationList = CC89B4121D9FE314006BFD6E /* Build configuration list for PBXProject "Cloudy" */;
			compatibilityVersion = "Xcode 3.2";
			developmentRegion = English;
			hasScannedForEncodings = 0;
			knownRegions = (
				en,
				Base,
			);
			mainGroup = CC89B40E1D9FE314006BFD6E;
			productRefGroup = CC89B4181D9FE314006BFD6E /* Products */;
			projectDirPath = "";
			projectReferences = (
				{
					ProductGroup = 3CA5BE5B223BE60700A1531D /* Products */;
					ProjectRef = 3CA5BE5A223BE60700A1531D /* Rx.xcodeproj */;
				},
			);
			projectRoot = "";
			targets = (
				CC89B4161D9FE314006BFD6E /* Cloudy */,
				3C2C6C3D222DA23A00D89AE4 /* CloudyTests */,
			);
		};
/* End PBXProject section */

/* Begin PBXReferenceProxy section */
		3CA5BE68223BE60800A1531D /* RxAtomic.framework */ = {
			isa = PBXReferenceProxy;
			fileType = wrapper.framework;
			path = RxAtomic.framework;
			remoteRef = 3CA5BE67223BE60800A1531D /* PBXContainerItemProxy */;
			sourceTree = BUILT_PRODUCTS_DIR;
		};
		3CA5BE6A223BE60800A1531D /* RxSwift.framework */ = {
			isa = PBXReferenceProxy;
			fileType = wrapper.framework;
			path = RxSwift.framework;
			remoteRef = 3CA5BE69223BE60800A1531D /* PBXContainerItemProxy */;
			sourceTree = BUILT_PRODUCTS_DIR;
		};
		3CA5BE6C223BE60800A1531D /* RxCocoa.framework */ = {
			isa = PBXReferenceProxy;
			fileType = wrapper.framework;
			path = RxCocoa.framework;
			remoteRef = 3CA5BE6B223BE60800A1531D /* PBXContainerItemProxy */;
			sourceTree = BUILT_PRODUCTS_DIR;
		};
		3CA5BE6E223BE60800A1531D /* RxBlocking.framework */ = {
			isa = PBXReferenceProxy;
			fileType = wrapper.framework;
			path = RxBlocking.framework;
			remoteRef = 3CA5BE6D223BE60800A1531D /* PBXContainerItemProxy */;
			sourceTree = BUILT_PRODUCTS_DIR;
		};
		3CA5BE70223BE60800A1531D /* RxTest.framework */ = {
			isa = PBXReferenceProxy;
			fileType = wrapper.framework;
			path = RxTest.framework;
			remoteRef = 3CA5BE6F223BE60800A1531D /* PBXContainerItemProxy */;
			sourceTree = BUILT_PRODUCTS_DIR;
		};
		3CA5BE72223BE60800A1531D /* AllTests-iOS.xctest */ = {
			isa = PBXReferenceProxy;
			fileType = wrapper.cfbundle;
			path = "AllTests-iOS.xctest";
			remoteRef = 3CA5BE71223BE60800A1531D /* PBXContainerItemProxy */;
			sourceTree = BUILT_PRODUCTS_DIR;
		};
		3CA5BE74223BE60800A1531D /* AllTests-tvOS.xctest */ = {
			isa = PBXReferenceProxy;
			fileType = wrapper.cfbundle;
			path = "AllTests-tvOS.xctest";
			remoteRef = 3CA5BE73223BE60800A1531D /* PBXContainerItemProxy */;
			sourceTree = BUILT_PRODUCTS_DIR;
		};
		3CA5BE76223BE60800A1531D /* AllTests-macOS.xctest */ = {
			isa = PBXReferenceProxy;
			fileType = wrapper.cfbundle;
			path = "AllTests-macOS.xctest";
			remoteRef = 3CA5BE75223BE60800A1531D /* PBXContainerItemProxy */;
			sourceTree = BUILT_PRODUCTS_DIR;
		};
		3CA5BE78223BE60800A1531D /* PerformanceTests.app */ = {
			isa = PBXReferenceProxy;
			fileType = wrapper.application;
			name = PerformanceTests.app;
			path = Microoptimizations.app;
			remoteRef = 3CA5BE77223BE60800A1531D /* PBXContainerItemProxy */;
			sourceTree = BUILT_PRODUCTS_DIR;
		};
		3CA5BE7A223BE60800A1531D /* Benchmarks.xctest */ = {
			isa = PBXReferenceProxy;
			fileType = wrapper.cfbundle;
			path = Benchmarks.xctest;
			remoteRef = 3CA5BE79223BE60800A1531D /* PBXContainerItemProxy */;
			sourceTree = BUILT_PRODUCTS_DIR;
		};
/* End PBXReferenceProxy section */

/* Begin PBXResourcesBuildPhase section */
		3C2C6C3C222DA23A00D89AE4 /* Resources */ = {
			isa = PBXResourcesBuildPhase;
			buildActionMask = 2147483647;
			files = (
				3C2C6C55222F21A800D89AE4 /* darksky.json in Resources */,
			);
			runOnlyForDeploymentPostprocessing = 0;
		};
		CC89B4151D9FE314006BFD6E /* Resources */ = {
			isa = PBXResourcesBuildPhase;
			buildActionMask = 2147483647;
			files = (
				3C78684E221C838400F3426F /* DarkSkyAPI_Key_Config.png in Resources */,
				CC89B43C1D9FE3D0006BFD6E /* LaunchScreen.storyboard in Resources */,
				CC89B43B1D9FE3D0006BFD6E /* Assets.xcassets in Resources */,
				3C78684422173FC800F3426F /* README.md in Resources */,
				CC89B43D1D9FE3D0006BFD6E /* Main.storyboard in Resources */,
				3C78684D221C838400F3426F /* DarkSkyAPI_Http_Request.png in Resources */,
				3C78684522173FC800F3426F /* README.txt in Resources */,
			);
			runOnlyForDeploymentPostprocessing = 0;
		};
/* End PBXResourcesBuildPhase section */

/* Begin PBXSourcesBuildPhase section */
		3C2C6C3A222DA23A00D89AE4 /* Sources */ = {
			isa = PBXSourcesBuildPhase;
			buildActionMask = 2147483647;
			files = (
				3C2C6C59222F260F00D89AE4 /* DayView_VM_Tests.swift in Sources */,
				3C2C6C53222EED8F00D89AE4 /* SettingsViewTemp_VM_Tests.swift in Sources */,
				3C2C6C51222DC4DF00D89AE4 /* SettingsViewUnits_VM_Tests.swift in Sources */,
				3C2C6C57222F221B00D89AE4 /* XCTestCase.swift in Sources */,
				3C4A1EBF2231A84400E3808B /* WeatherDayView_VM_Tests.swift in Sources */,
				3C2C6C4F222DA80000D89AE4 /* SettingsViewTime_VM_Tests.swift in Sources */,
				3C4A1EBD2231A70400E3808B /* WeekView_VM_Tests.swift in Sources */,
			);
			runOnlyForDeploymentPostprocessing = 0;
		};
		CC89B4131D9FE314006BFD6E /* Sources */ = {
			isa = PBXSourcesBuildPhase;
			buildActionMask = 2147483647;
			files = (
				CC08B9E31DA2208800754A85 /* Conversions.swift in Sources */,
				CC89B4481D9FE8D3006BFD6E /* Configuration.swift in Sources */,
				3C786848221768AA00F3426F /* DayView_VM.swift in Sources */,
				CC7854CD1D9FF99700E7836D /* WeatherViewController.swift in Sources */,
				CC83E0D51F13BF3B00EB0CAC /* LocationsViewController.swift in Sources */,
				CC89B4391D9FE3D0006BFD6E /* RootViewController.swift in Sources */,
				CC89B44C1D9FEB73006BFD6E /* JSONDecodable.swift in Sources */,
				3C78685522208BAA00F3426F /* SettingsViewTime_VM.swift in Sources */,
				CC89B4451D9FE897006BFD6E /* DataManager.swift in Sources */,
				CC83E0E11F13C01300EB0CAC /* AddLocationViewController.swift in Sources */,
				CC08B9DE1DA20DB400754A85 /* SettingsTableViewCell.swift in Sources */,
				3CA5BE592239546500A1531D /* AddLocationView_VM.swift in Sources */,
				CC89B4381D9FE3D0006BFD6E /* AppDelegate.swift in Sources */,
				CC89B4521D9FECBE006BFD6E /* WeatherDayData.swift in Sources */,
				CC89B4421D9FE5C6006BFD6E /* WeekViewController.swift in Sources */,
				3C786850221C8A7000F3426F /* WeekView_VM.swift in Sources */,
				3C2C6C342229B54300D89AE4 /* SettingsRepresentable.swift in Sources */,
				CC89B4501D9FEC2E006BFD6E /* WeatherData.swift in Sources */,
				CC83E0E31F13C07800EB0CAC /* Location.swift in Sources */,
				CC63745E1DA0F557002E68DC /* WeatherDayTableViewCell.swift in Sources */,
				CC83E0DE1F13BFD300EB0CAC /* LocationTableViewCell.swift in Sources */,
				CC83E0DB1F13BFAB00EB0CAC /* LocationsViewLocationViewModel.swift in Sources */,
				CC89B4401D9FE5BC006BFD6E /* DayViewController.swift in Sources */,
				3C2C6C312225929000D89AE4 /* SettingsViewTemp_VM.swift in Sources */,
				3C78684A221B09EC00F3426F /* UIImage.swift in Sources */,
				3C2C6C2F22245D1B00D89AE4 /* SettingsViewUnits_VM.swift in Sources */,
				CC08B9E11DA2169400754A85 /* UserDefaults.swift in Sources */,
				3C2C6C39222C5C6A00D89AE4 /* WeatherDayRepresentable.swift in Sources */,
				CC83E0D81F13BF8000EB0CAC /* LocationRepresentable.swift in Sources */,
				3C2C6C36222AC45100D89AE4 /* WeatherDayView_VM.swift in Sources */,
				CC08B9DB1DA206EE00754A85 /* SettingsViewController.swift in Sources */,
			);
			runOnlyForDeploymentPostprocessing = 0;
		};
/* End PBXSourcesBuildPhase section */

/* Begin PBXTargetDependency section */
		3C2C6C44222DA23A00D89AE4 /* PBXTargetDependency */ = {
			isa = PBXTargetDependency;
			target = CC89B4161D9FE314006BFD6E /* Cloudy */;
			targetProxy = 3C2C6C43222DA23A00D89AE4 /* PBXContainerItemProxy */;
		};
/* End PBXTargetDependency section */

/* Begin XCBuildConfiguration section */
		3C2C6C45222DA23B00D89AE4 /* Debug */ = {
			isa = XCBuildConfiguration;
			buildSettings = {
				BUNDLE_LOADER = "$(TEST_HOST)";
				CLANG_ANALYZER_NUMBER_OBJECT_CONVERSION = YES_AGGRESSIVE;
				CLANG_CXX_LANGUAGE_STANDARD = "gnu++14";
				CLANG_ENABLE_MODULES = YES;
				CLANG_ENABLE_OBJC_WEAK = YES;
				CLANG_WARN_UNGUARDED_AVAILABILITY = YES_AGGRESSIVE;
				CODE_SIGN_IDENTITY = "iPhone Developer";
				CODE_SIGN_STYLE = Automatic;
				DEVELOPMENT_TEAM = N24V4NH8BJ;
				GCC_C_LANGUAGE_STANDARD = gnu11;
				INFOPLIST_FILE = CloudyTests/SupportingFiles/Info.plist;
				IPHONEOS_DEPLOYMENT_TARGET = 12.1;
				LD_RUNPATH_SEARCH_PATHS = "$(inherited) @executable_path/Frameworks @loader_path/Frameworks";
				MTL_ENABLE_DEBUG_INFO = INCLUDE_SOURCE;
				MTL_FAST_MATH = YES;
				PRODUCT_BUNDLE_IDENTIFIER = com.dandylion.CloudyTests;
				PRODUCT_NAME = "$(TARGET_NAME)";
				SWIFT_OPTIMIZATION_LEVEL = "-Onone";
				SWIFT_VERSION = 4.2;
				TARGETED_DEVICE_FAMILY = "1,2";
				TEST_HOST = "$(BUILT_PRODUCTS_DIR)/Cloudy.app/Cloudy";
			};
			name = Debug;
		};
		3C2C6C46222DA23B00D89AE4 /* Release */ = {
			isa = XCBuildConfiguration;
			buildSettings = {
				BUNDLE_LOADER = "$(TEST_HOST)";
				CLANG_ANALYZER_NUMBER_OBJECT_CONVERSION = YES_AGGRESSIVE;
				CLANG_CXX_LANGUAGE_STANDARD = "gnu++14";
				CLANG_ENABLE_MODULES = YES;
				CLANG_ENABLE_OBJC_WEAK = YES;
				CLANG_WARN_UNGUARDED_AVAILABILITY = YES_AGGRESSIVE;
				CODE_SIGN_IDENTITY = "iPhone Developer";
				CODE_SIGN_STYLE = Automatic;
				DEVELOPMENT_TEAM = N24V4NH8BJ;
				GCC_C_LANGUAGE_STANDARD = gnu11;
				INFOPLIST_FILE = CloudyTests/SupportingFiles/Info.plist;
				IPHONEOS_DEPLOYMENT_TARGET = 12.1;
				LD_RUNPATH_SEARCH_PATHS = "$(inherited) @executable_path/Frameworks @loader_path/Frameworks";
				MTL_FAST_MATH = YES;
				PRODUCT_BUNDLE_IDENTIFIER = com.dandylion.CloudyTests;
				PRODUCT_NAME = "$(TARGET_NAME)";
				SWIFT_VERSION = 4.2;
				TARGETED_DEVICE_FAMILY = "1,2";
				TEST_HOST = "$(BUILT_PRODUCTS_DIR)/Cloudy.app/Cloudy";
			};
			name = Release;
		};
		CC89B4271D9FE314006BFD6E /* Debug */ = {
			isa = XCBuildConfiguration;
			buildSettings = {
				ALWAYS_SEARCH_USER_PATHS = NO;
				CLANG_ANALYZER_NONNULL = YES;
				CLANG_CXX_LANGUAGE_STANDARD = "gnu++0x";
				CLANG_CXX_LIBRARY = "libc++";
				CLANG_ENABLE_MODULES = YES;
				CLANG_ENABLE_OBJC_ARC = YES;
				CLANG_WARN_BLOCK_CAPTURE_AUTORELEASING = YES;
				CLANG_WARN_BOOL_CONVERSION = YES;
				CLANG_WARN_COMMA = YES;
				CLANG_WARN_CONSTANT_CONVERSION = YES;
				CLANG_WARN_DEPRECATED_OBJC_IMPLEMENTATIONS = YES;
				CLANG_WARN_DIRECT_OBJC_ISA_USAGE = YES_ERROR;
				CLANG_WARN_DOCUMENTATION_COMMENTS = YES;
				CLANG_WARN_EMPTY_BODY = YES;
				CLANG_WARN_ENUM_CONVERSION = YES;
				CLANG_WARN_INFINITE_RECURSION = YES;
				CLANG_WARN_INT_CONVERSION = YES;
				CLANG_WARN_NON_LITERAL_NULL_CONVERSION = YES;
				CLANG_WARN_OBJC_IMPLICIT_RETAIN_SELF = YES;
				CLANG_WARN_OBJC_LITERAL_CONVERSION = YES;
				CLANG_WARN_OBJC_ROOT_CLASS = YES_ERROR;
				CLANG_WARN_RANGE_LOOP_ANALYSIS = YES;
				CLANG_WARN_STRICT_PROTOTYPES = YES;
				CLANG_WARN_SUSPICIOUS_MOVE = YES;
				CLANG_WARN_SUSPICIOUS_MOVES = YES;
				CLANG_WARN_UNREACHABLE_CODE = YES;
				CLANG_WARN__DUPLICATE_METHOD_MATCH = YES;
				"CODE_SIGN_IDENTITY[sdk=iphoneos*]" = "iPhone Developer";
				COPY_PHASE_STRIP = NO;
				DEBUG_INFORMATION_FORMAT = dwarf;
				ENABLE_STRICT_OBJC_MSGSEND = YES;
				ENABLE_TESTABILITY = YES;
				GCC_C_LANGUAGE_STANDARD = gnu99;
				GCC_DYNAMIC_NO_PIC = NO;
				GCC_NO_COMMON_BLOCKS = YES;
				GCC_OPTIMIZATION_LEVEL = 0;
				GCC_PREPROCESSOR_DEFINITIONS = (
					"DEBUG=1",
					"$(inherited)",
				);
				GCC_WARN_64_TO_32_BIT_CONVERSION = YES;
				GCC_WARN_ABOUT_RETURN_TYPE = YES_ERROR;
				GCC_WARN_UNDECLARED_SELECTOR = YES;
				GCC_WARN_UNINITIALIZED_AUTOS = YES_AGGRESSIVE;
				GCC_WARN_UNUSED_FUNCTION = YES;
				GCC_WARN_UNUSED_VARIABLE = YES;
				IPHONEOS_DEPLOYMENT_TARGET = 10.0;
				MTL_ENABLE_DEBUG_INFO = YES;
				ONLY_ACTIVE_ARCH = YES;
				SDKROOT = iphoneos;
				SWIFT_ACTIVE_COMPILATION_CONDITIONS = DEBUG;
				SWIFT_OPTIMIZATION_LEVEL = "-Onone";
				SWIFT_VERSION = 4.2;
			};
			name = Debug;
		};
		CC89B4281D9FE314006BFD6E /* Release */ = {
			isa = XCBuildConfiguration;
			buildSettings = {
				ALWAYS_SEARCH_USER_PATHS = NO;
				CLANG_ANALYZER_NONNULL = YES;
				CLANG_CXX_LANGUAGE_STANDARD = "gnu++0x";
				CLANG_CXX_LIBRARY = "libc++";
				CLANG_ENABLE_MODULES = YES;
				CLANG_ENABLE_OBJC_ARC = YES;
				CLANG_WARN_BLOCK_CAPTURE_AUTORELEASING = YES;
				CLANG_WARN_BOOL_CONVERSION = YES;
				CLANG_WARN_COMMA = YES;
				CLANG_WARN_CONSTANT_CONVERSION = YES;
				CLANG_WARN_DEPRECATED_OBJC_IMPLEMENTATIONS = YES;
				CLANG_WARN_DIRECT_OBJC_ISA_USAGE = YES_ERROR;
				CLANG_WARN_DOCUMENTATION_COMMENTS = YES;
				CLANG_WARN_EMPTY_BODY = YES;
				CLANG_WARN_ENUM_CONVERSION = YES;
				CLANG_WARN_INFINITE_RECURSION = YES;
				CLANG_WARN_INT_CONVERSION = YES;
				CLANG_WARN_NON_LITERAL_NULL_CONVERSION = YES;
				CLANG_WARN_OBJC_IMPLICIT_RETAIN_SELF = YES;
				CLANG_WARN_OBJC_LITERAL_CONVERSION = YES;
				CLANG_WARN_OBJC_ROOT_CLASS = YES_ERROR;
				CLANG_WARN_RANGE_LOOP_ANALYSIS = YES;
				CLANG_WARN_STRICT_PROTOTYPES = YES;
				CLANG_WARN_SUSPICIOUS_MOVE = YES;
				CLANG_WARN_SUSPICIOUS_MOVES = YES;
				CLANG_WARN_UNREACHABLE_CODE = YES;
				CLANG_WARN__DUPLICATE_METHOD_MATCH = YES;
				"CODE_SIGN_IDENTITY[sdk=iphoneos*]" = "iPhone Developer";
				COPY_PHASE_STRIP = NO;
				DEBUG_INFORMATION_FORMAT = "dwarf-with-dsym";
				ENABLE_NS_ASSERTIONS = NO;
				ENABLE_STRICT_OBJC_MSGSEND = YES;
				GCC_C_LANGUAGE_STANDARD = gnu99;
				GCC_NO_COMMON_BLOCKS = YES;
				GCC_WARN_64_TO_32_BIT_CONVERSION = YES;
				GCC_WARN_ABOUT_RETURN_TYPE = YES_ERROR;
				GCC_WARN_UNDECLARED_SELECTOR = YES;
				GCC_WARN_UNINITIALIZED_AUTOS = YES_AGGRESSIVE;
				GCC_WARN_UNUSED_FUNCTION = YES;
				GCC_WARN_UNUSED_VARIABLE = YES;
				IPHONEOS_DEPLOYMENT_TARGET = 10.0;
				MTL_ENABLE_DEBUG_INFO = NO;
				SDKROOT = iphoneos;
				SWIFT_OPTIMIZATION_LEVEL = "-Owholemodule";
				SWIFT_VERSION = 4.2;
				VALIDATE_PRODUCT = YES;
			};
			name = Release;
		};
		CC89B42A1D9FE314006BFD6E /* Debug */ = {
			isa = XCBuildConfiguration;
			buildSettings = {
				ASSETCATALOG_COMPILER_APPICON_NAME = AppIcon;
				DEVELOPMENT_TEAM = "";
				INFOPLIST_FILE = "Cloudy/Supporting Files/Info.plist";
				LD_RUNPATH_SEARCH_PATHS = "$(inherited) @executable_path/Frameworks /Users/frankcipolla/Library/Developer/CoreSimulator/Devices/44246447-0774-4F04-8991-FEEF732E095E/data/Containers/Bundle/Application/D6C10E69-CDBD-4A9D-923F-FFAC86B49F09/Cloudy.app/Frameworks";
				PRODUCT_BUNDLE_IDENTIFIER = com.cocoacasts.Cloudy;
				PRODUCT_NAME = "$(TARGET_NAME)";
				SWIFT_VERSION = 4.2;
			};
			name = Debug;
		};
		CC89B42B1D9FE314006BFD6E /* Release */ = {
			isa = XCBuildConfiguration;
			buildSettings = {
				ASSETCATALOG_COMPILER_APPICON_NAME = AppIcon;
				DEVELOPMENT_TEAM = "";
				INFOPLIST_FILE = "Cloudy/Supporting Files/Info.plist";
				LD_RUNPATH_SEARCH_PATHS = "$(inherited) @executable_path/Frameworks /Users/frankcipolla/Library/Developer/CoreSimulator/Devices/44246447-0774-4F04-8991-FEEF732E095E/data/Containers/Bundle/Application/D6C10E69-CDBD-4A9D-923F-FFAC86B49F09/Cloudy.app/Frameworks";
				PRODUCT_BUNDLE_IDENTIFIER = com.cocoacasts.Cloudy;
				PRODUCT_NAME = "$(TARGET_NAME)";
				SWIFT_VERSION = 4.2;
			};
			name = Release;
		};
/* End XCBuildConfiguration section */

/* Begin XCConfigurationList section */
		3C2C6C47222DA25300D89AE4 /* Build configuration list for PBXNativeTarget "CloudyTests" */ = {
			isa = XCConfigurationList;
			buildConfigurations = (
				3C2C6C45222DA23B00D89AE4 /* Debug */,
				3C2C6C46222DA23B00D89AE4 /* Release */,
			);
			defaultConfigurationIsVisible = 0;
			defaultConfigurationName = Release;
		};
		CC89B4121D9FE314006BFD6E /* Build configuration list for PBXProject "Cloudy" */ = {
			isa = XCConfigurationList;
			buildConfigurations = (
				CC89B4271D9FE314006BFD6E /* Debug */,
				CC89B4281D9FE314006BFD6E /* Release */,
			);
			defaultConfigurationIsVisible = 0;
			defaultConfigurationName = Release;
		};
		CC89B4291D9FE314006BFD6E /* Build configuration list for PBXNativeTarget "Cloudy" */ = {
			isa = XCConfigurationList;
			buildConfigurations = (
				CC89B42A1D9FE314006BFD6E /* Debug */,
				CC89B42B1D9FE314006BFD6E /* Release */,
			);
			defaultConfigurationIsVisible = 0;
			defaultConfigurationName = Release;
		};
/* End XCConfigurationList section */
	};
	rootObject = CC89B40F1D9FE314006BFD6E /* Project object */;
}
